
Microsoft Visual Studio Solution File, Format Version 12.00
# Visual Studio Version 17
VisualStudioVersion = 17.11.34929.205
MinimumVisualStudioVersion = 10.0.40219.1
Project("{2150E333-8FDC-42A3-9474-1A3956D46DE8}") = "Solution Items", "Solution Items", "{C94A8CF1-7F83-485B-8820-60FC04089F70}"
	ProjectSection(SolutionItems) = preProject
		global.json = global.json
		nuget.config = nuget.config
		README.md = README.md
	EndProjectSection
EndProject
Project("{9A19103F-16F7-4668-BE54-9A1E7A4F7556}") = "QueueTriggerCancellationTokenTestNET8Isolated", "src\QueueTriggerCancellationTokenTestNET8Isolated\QueueTriggerCancellationTokenTestNET8Isolated.csproj", "{FA7E3695-38E0-4D21-99EF-7F724A64835A}"
EndProject
Project("{FAE04EC0-301F-11D3-BF4B-00C04F79EFBC}") = "QueueTriggerCancellationTokenTestNET6Isolated", "src\QueueTriggerCancellationTokenTestNET6Isolated\QueueTriggerCancellationTokenTestNET6Isolated.csproj", "{0E28BD9A-66D1-4D9F-B100-93AB521FCE07}"
EndProject
Project("{FAE04EC0-301F-11D3-BF4B-00C04F79EFBC}") = "QueueTriggerCancellationTokenTestNET6InProcess", "src\QueueTriggerCancellationTokenTestNET6InProcess\QueueTriggerCancellationTokenTestNET6InProcess.csproj", "{320BEC28-5C74-4000-AF63-A814465D7022}"
EndProject
Global
	GlobalSection(SolutionConfigurationPlatforms) = preSolution
		Debug|Any CPU = Debug|Any CPU
		Release|Any CPU = Release|Any CPU
	EndGlobalSection
	GlobalSection(ProjectConfigurationPlatforms) = postSolution
		{FA7E3695-38E0-4D21-99EF-7F724A64835A}.Debug|Any CPU.ActiveCfg = Debug|Any CPU
		{FA7E3695-38E0-4D21-99EF-7F724A64835A}.Debug|Any CPU.Build.0 = Debug|Any CPU
		{FA7E3695-38E0-4D21-99EF-7F724A64835A}.Release|Any CPU.ActiveCfg = Release|Any CPU
		{FA7E3695-38E0-4D21-99EF-7F724A64835A}.Release|Any CPU.Build.0 = Release|Any CPU
		{0E28BD9A-66D1-4D9F-B100-93AB521FCE07}.Debug|Any CPU.ActiveCfg = Debug|Any CPU
		{0E28BD9A-66D1-4D9F-B100-93AB521FCE07}.Debug|Any CPU.Build.0 = Debug|Any CPU
		{0E28BD9A-66D1-4D9F-B100-93AB521FCE07}.Release|Any CPU.ActiveCfg = Release|Any CPU
		{0E28BD9A-66D1-4D9F-B100-93AB521FCE07}.Release|Any CPU.Build.0 = Release|Any CPU
		{320BEC28-5C74-4000-AF63-A814465D7022}.Debug|Any CPU.ActiveCfg = Debug|Any CPU
		{320BEC28-5C74-4000-AF63-A814465D7022}.Debug|Any CPU.Build.0 = Debug|Any CPU
		{320BEC28-5C74-4000-AF63-A814465D7022}.Release|Any CPU.ActiveCfg = Release|Any CPU
		{320BEC28-5C74-4000-AF63-A814465D7022}.Release|Any CPU.Build.0 = Release|Any CPU
	EndGlobalSection
	GlobalSection(SolutionProperties) = preSolution
		HideSolutionNode = FALSE
	EndGlobalSection
	GlobalSection(ExtensibilityGlobals) = postSolution
		SolutionGuid = {372E82E2-1D00-4734-91D4-AED2EC453C6C}
	EndGlobalSection
EndGlobal
